// !$*UTF8*$!
{
	archiveVersion = 1;
	classes = {
	};
	objectVersion = 46;
	objects = {

/* Begin PBXBuildFile section */
		6EA2F2FF16E75D41009CE8B9 /* UIKit.framework in Frameworks */ = {isa = PBXBuildFile; fileRef = 6EA2F2FE16E75D41009CE8B9 /* UIKit.framework */; };
		6EA2F30116E75D41009CE8B9 /* Foundation.framework in Frameworks */ = {isa = PBXBuildFile; fileRef = 6EA2F30016E75D41009CE8B9 /* Foundation.framework */; };
		6EA2F30316E75D41009CE8B9 /* CoreGraphics.framework in Frameworks */ = {isa = PBXBuildFile; fileRef = 6EA2F30216E75D41009CE8B9 /* CoreGraphics.framework */; };
		6EA2F30916E75D41009CE8B9 /* InfoPlist.strings in Resources */ = {isa = PBXBuildFile; fileRef = 6EA2F30716E75D41009CE8B9 /* InfoPlist.strings */; };
		6EA2F30B16E75D41009CE8B9 /* main.m in Sources */ = {isa = PBXBuildFile; fileRef = 6EA2F30A16E75D41009CE8B9 /* main.m */; };
		6EA2F30F16E75D41009CE8B9 /* CHAppDelegate.m in Sources */ = {isa = PBXBuildFile; fileRef = 6EA2F30E16E75D41009CE8B9 /* CHAppDelegate.m */; };
		6EA2F31116E75D41009CE8B9 /* Default.png in Resources */ = {isa = PBXBuildFile; fileRef = 6EA2F31016E75D41009CE8B9 /* Default.png */; };
		6EA2F31316E75D41009CE8B9 /* Default@2x.png in Resources */ = {isa = PBXBuildFile; fileRef = 6EA2F31216E75D41009CE8B9 /* Default@2x.png */; };
		6EA2F31516E75D41009CE8B9 /* Default-568h@2x.png in Resources */ = {isa = PBXBuildFile; fileRef = 6EA2F31416E75D41009CE8B9 /* Default-568h@2x.png */; };
		6EA2F31816E75D41009CE8B9 /* CHMasterViewController.m in Sources */ = {isa = PBXBuildFile; fileRef = 6EA2F31716E75D41009CE8B9 /* CHMasterViewController.m */; };
		6EA2F31B16E75D41009CE8B9 /* CHDetailViewController.m in Sources */ = {isa = PBXBuildFile; fileRef = 6EA2F31A16E75D41009CE8B9 /* CHDetailViewController.m */; };
		6EA2F31E16E75D41009CE8B9 /* CHMasterViewController.xib in Resources */ = {isa = PBXBuildFile; fileRef = 6EA2F31C16E75D41009CE8B9 /* CHMasterViewController.xib */; };
		6EA2F32116E75D41009CE8B9 /* CHDetailViewController.xib in Resources */ = {isa = PBXBuildFile; fileRef = 6EA2F31F16E75D41009CE8B9 /* CHDetailViewController.xib */; };
		6EA2F32816E75E32009CE8B9 /* CHDegreeCell.xib in Resources */ = {isa = PBXBuildFile; fileRef = 6EA2F32716E75E32009CE8B9 /* CHDegreeCell.xib */; };
		6EA2F32A16E75EF5009CE8B9 /* 1362590707_bright.png in Resources */ = {isa = PBXBuildFile; fileRef = 6EA2F32916E75EF5009CE8B9 /* 1362590707_bright.png */; };
		6EA2F32D16E75F65009CE8B9 /* CHDegreeCell.m in Sources */ = {isa = PBXBuildFile; fileRef = 6EA2F32C16E75F65009CE8B9 /* CHDegreeCell.m */; };
		6EA2F32F16E76081009CE8B9 /* QuartzCore.framework in Frameworks */ = {isa = PBXBuildFile; fileRef = 6EA2F32E16E76081009CE8B9 /* QuartzCore.framework */; };
		6EA2F33216E7667C009CE8B9 /* CHDegreeWithOwnPath.m in Sources */ = {isa = PBXBuildFile; fileRef = 6EA2F33116E7667C009CE8B9 /* CHDegreeWithOwnPath.m */; };
		6EA2F33416E76D00009CE8B9 /* CHDegreeWithOwnPathCell.xib in Resources */ = {isa = PBXBuildFile; fileRef = 6EA2F33316E76D00009CE8B9 /* CHDegreeWithOwnPathCell.xib */; };
/* End PBXBuildFile section */

/* Begin PBXFileReference section */
		6EA2F2FB16E75D41009CE8B9 /* Forty degrees in the shade.app */ = {isa = PBXFileReference; explicitFileType = wrapper.application; includeInIndex = 0; path = "Forty degrees in the shade.app"; sourceTree = BUILT_PRODUCTS_DIR; };
		6EA2F2FE16E75D41009CE8B9 /* UIKit.framework */ = {isa = PBXFileReference; lastKnownFileType = wrapper.framework; name = UIKit.framework; path = System/Library/Frameworks/UIKit.framework; sourceTree = SDKROOT; };
		6EA2F30016E75D41009CE8B9 /* Foundation.framework */ = {isa = PBXFileReference; lastKnownFileType = wrapper.framework; name = Foundation.framework; path = System/Library/Frameworks/Foundation.framework; sourceTree = SDKROOT; };
		6EA2F30216E75D41009CE8B9 /* CoreGraphics.framework */ = {isa = PBXFileReference; lastKnownFileType = wrapper.framework; name = CoreGraphics.framework; path = System/Library/Frameworks/CoreGraphics.framework; sourceTree = SDKROOT; };
		6EA2F30616E75D41009CE8B9 /* Forty degrees in the shade-Info.plist */ = {isa = PBXFileReference; lastKnownFileType = text.plist.xml; path = "Forty degrees in the shade-Info.plist"; sourceTree = "<group>"; };
		6EA2F30816E75D41009CE8B9 /* en */ = {isa = PBXFileReference; lastKnownFileType = text.plist.strings; name = en; path = en.lproj/InfoPlist.strings; sourceTree = "<group>"; };
		6EA2F30A16E75D41009CE8B9 /* main.m */ = {isa = PBXFileReference; lastKnownFileType = sourcecode.c.objc; path = main.m; sourceTree = "<group>"; };
		6EA2F30C16E75D41009CE8B9 /* Forty degrees in the shade-Prefix.pch */ = {isa = PBXFileReference; lastKnownFileType = sourcecode.c.h; path = "Forty degrees in the shade-Prefix.pch"; sourceTree = "<group>"; };
		6EA2F30D16E75D41009CE8B9 /* CHAppDelegate.h */ = {isa = PBXFileReference; lastKnownFileType = sourcecode.c.h; path = CHAppDelegate.h; sourceTree = "<group>"; };
		6EA2F30E16E75D41009CE8B9 /* CHAppDelegate.m */ = {isa = PBXFileReference; lastKnownFileType = sourcecode.c.objc; path = CHAppDelegate.m; sourceTree = "<group>"; };
		6EA2F31016E75D41009CE8B9 /* Default.png */ = {isa = PBXFileReference; lastKnownFileType = image.png; path = Default.png; sourceTree = "<group>"; };
		6EA2F31216E75D41009CE8B9 /* Default@2x.png */ = {isa = PBXFileReference; lastKnownFileType = image.png; path = "Default@2x.png"; sourceTree = "<group>"; };
		6EA2F31416E75D41009CE8B9 /* Default-568h@2x.png */ = {isa = PBXFileReference; lastKnownFileType = image.png; path = "Default-568h@2x.png"; sourceTree = "<group>"; };
		6EA2F31616E75D41009CE8B9 /* CHMasterViewController.h */ = {isa = PBXFileReference; lastKnownFileType = sourcecode.c.h; path = CHMasterViewController.h; sourceTree = "<group>"; };
		6EA2F31716E75D41009CE8B9 /* CHMasterViewController.m */ = {isa = PBXFileReference; lastKnownFileType = sourcecode.c.objc; path = CHMasterViewController.m; sourceTree = "<group>"; };
		6EA2F31916E75D41009CE8B9 /* CHDetailViewController.h */ = {isa = PBXFileReference; lastKnownFileType = sourcecode.c.h; path = CHDetailViewController.h; sourceTree = "<group>"; };
		6EA2F31A16E75D41009CE8B9 /* CHDetailViewController.m */ = {isa = PBXFileReference; lastKnownFileType = sourcecode.c.objc; path = CHDetailViewController.m; sourceTree = "<group>"; };
		6EA2F31D16E75D41009CE8B9 /* en */ = {isa = PBXFileReference; lastKnownFileType = file.xib; name = en; path = en.lproj/CHMasterViewController.xib; sourceTree = "<group>"; };
		6EA2F32016E75D41009CE8B9 /* en */ = {isa = PBXFileReference; lastKnownFileType = file.xib; name = en; path = en.lproj/CHDetailViewController.xib; sourceTree = "<group>"; };
		6EA2F32716E75E32009CE8B9 /* CHDegreeCell.xib */ = {isa = PBXFileReference; fileEncoding = 4; lastKnownFileType = file.xib; path = CHDegreeCell.xib; sourceTree = "<group>"; };
		6EA2F32916E75EF5009CE8B9 /* 1362590707_bright.png */ = {isa = PBXFileReference; lastKnownFileType = image.png; path = 1362590707_bright.png; sourceTree = "<group>"; };
		6EA2F32B16E75F65009CE8B9 /* CHDegreeCell.h */ = {isa = PBXFileReference; fileEncoding = 4; lastKnownFileType = sourcecode.c.h; path = CHDegreeCell.h; sourceTree = "<group>"; };
		6EA2F32C16E75F65009CE8B9 /* CHDegreeCell.m */ = {isa = PBXFileReference; fileEncoding = 4; lastKnownFileType = sourcecode.c.objc; path = CHDegreeCell.m; sourceTree = "<group>"; };
		6EA2F32E16E76081009CE8B9 /* QuartzCore.framework */ = {isa = PBXFileReference; lastKnownFileType = wrapper.framework; name = QuartzCore.framework; path = System/Library/Frameworks/QuartzCore.framework; sourceTree = SDKROOT; };
		6EA2F33016E7667C009CE8B9 /* CHDegreeWithOwnPath.h */ = {isa = PBXFileReference; fileEncoding = 4; lastKnownFileType = sourcecode.c.h; path = CHDegreeWithOwnPath.h; sourceTree = "<group>"; };
		6EA2F33116E7667C009CE8B9 /* CHDegreeWithOwnPath.m */ = {isa = PBXFileReference; fileEncoding = 4; lastKnownFileType = sourcecode.c.objc; path = CHDegreeWithOwnPath.m; sourceTree = "<group>"; };
		6EA2F33316E76D00009CE8B9 /* CHDegreeWithOwnPathCell.xib */ = {isa = PBXFileReference; fileEncoding = 4; lastKnownFileType = file.xib; path = CHDegreeWithOwnPathCell.xib; sourceTree = "<group>"; };
/* End PBXFileReference section */

/* Begin PBXFrameworksBuildPhase section */
		6EA2F2F816E75D41009CE8B9 /* Frameworks */ = {
			isa = PBXFrameworksBuildPhase;
			buildActionMask = 2147483647;
			files = (
				6EA2F32F16E76081009CE8B9 /* QuartzCore.framework in Frameworks */,
				6EA2F2FF16E75D41009CE8B9 /* UIKit.framework in Frameworks */,
				6EA2F30116E75D41009CE8B9 /* Foundation.framework in Frameworks */,
				6EA2F30316E75D41009CE8B9 /* CoreGraphics.framework in Frameworks */,
			);
			runOnlyForDeploymentPostprocessing = 0;
		};
/* End PBXFrameworksBuildPhase section */

/* Begin PBXGroup section */
		6EA2F2F216E75D41009CE8B9 = {
			isa = PBXGroup;
			children = (
				6EA2F32E16E76081009CE8B9 /* QuartzCore.framework */,
				6EA2F30416E75D41009CE8B9 /* Forty degrees in the shade */,
				6EA2F2FD16E75D41009CE8B9 /* Frameworks */,
				6EA2F2FC16E75D41009CE8B9 /* Products */,
			);
			sourceTree = "<group>";
		};
		6EA2F2FC16E75D41009CE8B9 /* Products */ = {
			isa = PBXGroup;
			children = (
				6EA2F2FB16E75D41009CE8B9 /* Forty degrees in the shade.app */,
			);
			name = Products;
			sourceTree = "<group>";
		};
		6EA2F2FD16E75D41009CE8B9 /* Frameworks */ = {
			isa = PBXGroup;
			children = (
				6EA2F2FE16E75D41009CE8B9 /* UIKit.framework */,
				6EA2F30016E75D41009CE8B9 /* Foundation.framework */,
				6EA2F30216E75D41009CE8B9 /* CoreGraphics.framework */,
			);
			name = Frameworks;
			sourceTree = "<group>";
		};
		6EA2F30416E75D41009CE8B9 /* Forty degrees in the shade */ = {
			isa = PBXGroup;
			children = (
				6EA2F30D16E75D41009CE8B9 /* CHAppDelegate.h */,
				6EA2F30E16E75D41009CE8B9 /* CHAppDelegate.m */,
				6EA2F31616E75D41009CE8B9 /* CHMasterViewController.h */,
				6EA2F31716E75D41009CE8B9 /* CHMasterViewController.m */,
				6EA2F31916E75D41009CE8B9 /* CHDetailViewController.h */,
				6EA2F31A16E75D41009CE8B9 /* CHDetailViewController.m */,
				6EA2F31C16E75D41009CE8B9 /* CHMasterViewController.xib */,
				6EA2F31F16E75D41009CE8B9 /* CHDetailViewController.xib */,
				6EA2F30516E75D41009CE8B9 /* Supporting Files */,
				6EA2F32716E75E32009CE8B9 /* CHDegreeCell.xib */,
				6EA2F32B16E75F65009CE8B9 /* CHDegreeCell.h */,
				6EA2F32C16E75F65009CE8B9 /* CHDegreeCell.m */,
				6EA2F33016E7667C009CE8B9 /* CHDegreeWithOwnPath.h */,
				6EA2F33116E7667C009CE8B9 /* CHDegreeWithOwnPath.m */,
				6EA2F33316E76D00009CE8B9 /* CHDegreeWithOwnPathCell.xib */,
			);
			path = "Forty degrees in the shade";
			sourceTree = "<group>";
		};
		6EA2F30516E75D41009CE8B9 /* Supporting Files */ = {
			isa = PBXGroup;
			children = (
				6EA2F32916E75EF5009CE8B9 /* 1362590707_bright.png */,
				6EA2F30616E75D41009CE8B9 /* Forty degrees in the shade-Info.plist */,
				6EA2F30716E75D41009CE8B9 /* InfoPlist.strings */,
				6EA2F30A16E75D41009CE8B9 /* main.m */,
				6EA2F30C16E75D41009CE8B9 /* Forty degrees in the shade-Prefix.pch */,
				6EA2F31016E75D41009CE8B9 /* Default.png */,
				6EA2F31216E75D41009CE8B9 /* Default@2x.png */,
				6EA2F31416E75D41009CE8B9 /* Default-568h@2x.png */,
			);
			name = "Supporting Files";
			sourceTree = "<group>";
		};
/* End PBXGroup section */

/* Begin PBXNativeTarget section */
		6EA2F2FA16E75D41009CE8B9 /* Forty degrees in the shade */ = {
			isa = PBXNativeTarget;
			buildConfigurationList = 6EA2F32416E75D41009CE8B9 /* Build configuration list for PBXNativeTarget "Forty degrees in the shade" */;
			buildPhases = (
				6EA2F2F716E75D41009CE8B9 /* Sources */,
				6EA2F2F816E75D41009CE8B9 /* Frameworks */,
				6EA2F2F916E75D41009CE8B9 /* Resources */,
			);
			buildRules = (
			);
			dependencies = (
			);
			name = "Forty degrees in the shade";
			productName = "Forty degrees in the shade";
			productReference = 6EA2F2FB16E75D41009CE8B9 /* Forty degrees in the shade.app */;
			productType = "com.apple.product-type.application";
		};
/* End PBXNativeTarget section */

/* Begin PBXProject section */
		6EA2F2F316E75D41009CE8B9 /* Project object */ = {
			isa = PBXProject;
			attributes = {
				CLASSPREFIX = CH;
				LastUpgradeCheck = 0460;
				ORGANIZATIONNAME = "Michal Zygar";
			};
			buildConfigurationList = 6EA2F2F616E75D41009CE8B9 /* Build configuration list for PBXProject "Forty degrees in the shade" */;
			compatibilityVersion = "Xcode 3.2";
			developmentRegion = English;
			hasScannedForEncodings = 0;
			knownRegions = (
				en,
			);
			mainGroup = 6EA2F2F216E75D41009CE8B9;
			productRefGroup = 6EA2F2FC16E75D41009CE8B9 /* Products */;
			projectDirPath = "";
			projectRoot = "";
			targets = (
				6EA2F2FA16E75D41009CE8B9 /* Forty degrees in the shade */,
			);
		};
/* End PBXProject section */

/* Begin PBXResourcesBuildPhase section */
		6EA2F2F916E75D41009CE8B9 /* Resources */ = {
			isa = PBXResourcesBuildPhase;
			buildActionMask = 2147483647;
			files = (
				6EA2F30916E75D41009CE8B9 /* InfoPlist.strings in Resources */,
				6EA2F31116E75D41009CE8B9 /* Default.png in Resources */,
				6EA2F31316E75D41009CE8B9 /* Default@2x.png in Resources */,
				6EA2F31516E75D41009CE8B9 /* Default-568h@2x.png in Resources */,
				6EA2F31E16E75D41009CE8B9 /* CHMasterViewController.xib in Resources */,
				6EA2F32116E75D41009CE8B9 /* CHDetailViewController.xib in Resources */,
				6EA2F32816E75E32009CE8B9 /* CHDegreeCell.xib in Resources */,
				6EA2F32A16E75EF5009CE8B9 /* 1362590707_bright.png in Resources */,
				6EA2F33416E76D00009CE8B9 /* CHDegreeWithOwnPathCell.xib in Resources */,
			);
			runOnlyForDeploymentPostprocessing = 0;
		};
/* End PBXResourcesBuildPhase section */

/* Begin PBXSourcesBuildPhase section */
		6EA2F2F716E75D41009CE8B9 /* Sources */ = {
			isa = PBXSourcesBuildPhase;
			buildActionMask = 2147483647;
			files = (
				6EA2F30B16E75D41009CE8B9 /* main.m in Sources */,
				6EA2F30F16E75D41009CE8B9 /* CHAppDelegate.m in Sources */,
				6EA2F31816E75D41009CE8B9 /* CHMasterViewController.m in Sources */,
				6EA2F31B16E75D41009CE8B9 /* CHDetailViewController.m in Sources */,
				6EA2F32D16E75F65009CE8B9 /* CHDegreeCell.m in Sources */,
				6EA2F33216E7667C009CE8B9 /* CHDegreeWithOwnPath.m in Sources */,
			);
			runOnlyForDeploymentPostprocessing = 0;
		};
/* End PBXSourcesBuildPhase section */

/* Begin PBXVariantGroup section */
		6EA2F30716E75D41009CE8B9 /* InfoPlist.strings */ = {
			isa = PBXVariantGroup;
			children = (
				6EA2F30816E75D41009CE8B9 /* en */,
			);
			name = InfoPlist.strings;
			sourceTree = "<group>";
		};
		6EA2F31C16E75D41009CE8B9 /* CHMasterViewController.xib */ = {
			isa = PBXVariantGroup;
			children = (
				6EA2F31D16E75D41009CE8B9 /* en */,
			);
			name = CHMasterViewController.xib;
			sourceTree = "<group>";
		};
		6EA2F31F16E75D41009CE8B9 /* CHDetailViewController.xib */ = {
			isa = PBXVariantGroup;
			children = (
				6EA2F32016E75D41009CE8B9 /* en */,
			);
			name = CHDetailViewController.xib;
			sourceTree = "<group>";
		};
/* End PBXVariantGroup section */

/* Begin XCBuildConfiguration section */
		6EA2F32216E75D41009CE8B9 /* Debug */ = {
			isa = XCBuildConfiguration;
			buildSettings = {
				ALWAYS_SEARCH_USER_PATHS = NO;
				CLANG_CXX_LANGUAGE_STANDARD = "gnu++0x";
				CLANG_CXX_LIBRARY = "libc++";
				CLANG_WARN_CONSTANT_CONVERSION = YES;
				CLANG_WARN_EMPTY_BODY = YES;
				CLANG_WARN_ENUM_CONVERSION = YES;
				CLANG_WARN_INT_CONVERSION = YES;
				CLANG_WARN__DUPLICATE_METHOD_MATCH = YES;
				"CODE_SIGN_IDENTITY[sdk=iphoneos*]" = "iPhone Developer";
				COPY_PHASE_STRIP = NO;
				GCC_C_LANGUAGE_STANDARD = gnu99;
				GCC_DYNAMIC_NO_PIC = NO;
				GCC_OPTIMIZATION_LEVEL = 0;
				GCC_PREPROCESSOR_DEFINITIONS = (
					"DEBUG=1",
					"$(inherited)",
				);
				GCC_SYMBOLS_PRIVATE_EXTERN = NO;
				GCC_WARN_ABOUT_RETURN_TYPE = YES;
				GCC_WARN_UNINITIALIZED_AUTOS = YES;
				GCC_WARN_UNUSED_VARIABLE = YES;
				IPHONEOS_DEPLOYMENT_TARGET = 6.1;
				ONLY_ACTIVE_ARCH = YES;
				SDKROOT = iphoneos;
			};
			name = Debug;
		};
		6EA2F32316E75D41009CE8B9 /* Release */ = {
			isa = XCBuildConfiguration;
			buildSettings = {
				ALWAYS_SEARCH_USER_PATHS = NO;
				CLANG_CXX_LANGUAGE_STANDARD = "gnu++0x";
				CLANG_CXX_LIBRARY = "libc++";
				CLANG_WARN_CONSTANT_CONVERSION = YES;
				CLANG_WARN_EMPTY_BODY = YES;
				CLANG_WARN_ENUM_CONVERSION = YES;
				CLANG_WARN_INT_CONVERSION = YES;
				CLANG_WARN__DUPLICATE_METHOD_MATCH = YES;
				"CODE_SIGN_IDENTITY[sdk=iphoneos*]" = "iPhone Developer";
				COPY_PHASE_STRIP = YES;
				GCC_C_LANGUAGE_STANDARD = gnu99;
				GCC_WARN_ABOUT_RETURN_TYPE = YES;
				GCC_WARN_UNINITIALIZED_AUTOS = YES;
				GCC_WARN_UNUSED_VARIABLE = YES;
				IPHONEOS_DEPLOYMENT_TARGET = 6.1;
				OTHER_CFLAGS = "-DNS_BLOCK_ASSERTIONS=1";
				SDKROOT = iphoneos;
				VALIDATE_PRODUCT = YES;
			};
			name = Release;
		};
		6EA2F32516E75D41009CE8B9 /* Debug */ = {
			isa = XCBuildConfiguration;
			buildSettings = {
				GCC_PRECOMPILE_PREFIX_HEADER = YES;
				GCC_PREFIX_HEADER = "Forty degrees in the shade/Forty degrees in the shade-Prefix.pch";
				INFOPLIST_FILE = "Forty degrees in the shade/Forty degrees in the shade-Info.plist";
				PRODUCT_NAME = "$(TARGET_NAME)";
				WRAPPER_EXTENSION = app;
			};
			name = Debug;
		};
		6EA2F32616E75D41009CE8B9 /* Release */ = {
			isa = XCBuildConfiguration;
			buildSettings = {
				GCC_PRECOMPILE_PREFIX_HEADER = YES;
				GCC_PREFIX_HEADER = "Forty degrees in the shade/Forty degrees in the shade-Prefix.pch";
				INFOPLIST_FILE = "Forty degrees in the shade/Forty degrees in the shade-Info.plist";
				PRODUCT_NAME = "$(TARGET_NAME)";
				WRAPPER_EXTENSION = app;
			};
			name = Release;
		};
/* End XCBuildConfiguration section */

/* Begin XCConfigurationList section */
		6EA2F2F616E75D41009CE8B9 /* Build configuration list for PBXProject "Forty degrees in the shade" */ = {
			isa = XCConfigurationList;
			buildConfigurations = (
				6EA2F32216E75D41009CE8B9 /* Debug */,
				6EA2F32316E75D41009CE8B9 /* Release */,
			);
			defaultConfigurationIsVisible = 0;
			defaultConfigurationName = Release;
		};
		6EA2F32416E75D41009CE8B9 /* Build configuration list for PBXNativeTarget "Forty degrees in the shade" */ = {
			isa = XCConfigurationList;
			buildConfigurations = (
				6EA2F32516E75D41009CE8B9 /* Debug */,
				6EA2F32616E75D41009CE8B9 /* Release */,
			);
			defaultConfigurationIsVisible = 0;
		};
/* End XCConfigurationList section */
	};
	rootObject = 6EA2F2F316E75D41009CE8B9 /* Project object */;
}
